// !$*UTF8*$!
{
	archiveVersion = 1;
	classes = {
	};
	objectVersion = 46;
	objects = {

/* Begin PBXBuildFile section */
		B315352E1F4C657A00C67A3F /* AppDelegate.swift in Sources */ = {isa = PBXBuildFile; fileRef = B315352D1F4C657A00C67A3F /* AppDelegate.swift */; };
		B31535341F4C657A00C67A3F /* GameScene.swift in Sources */ = {isa = PBXBuildFile; fileRef = B31535331F4C657A00C67A3F /* GameScene.swift */; };
		B31535361F4C657A00C67A3F /* GameViewController.swift in Sources */ = {isa = PBXBuildFile; fileRef = B31535351F4C657A00C67A3F /* GameViewController.swift */; };
		B31535391F4C657A00C67A3F /* Main.storyboard in Resources */ = {isa = PBXBuildFile; fileRef = B31535371F4C657A00C67A3F /* Main.storyboard */; };
		B315353B1F4C657A00C67A3F /* Assets.xcassets in Resources */ = {isa = PBXBuildFile; fileRef = B315353A1F4C657A00C67A3F /* Assets.xcassets */; };
		B315353E1F4C657A00C67A3F /* LaunchScreen.storyboard in Resources */ = {isa = PBXBuildFile; fileRef = B315353C1F4C657A00C67A3F /* LaunchScreen.storyboard */; };
		B31535481F4C65A100C67A3F /* CicadaBlock.swift in Sources */ = {isa = PBXBuildFile; fileRef = B31535471F4C65A100C67A3F /* CicadaBlock.swift */; };
		B315354E1F4D4DFA00C67A3F /* Assets.xcassets in Resources */ = {isa = PBXBuildFile; fileRef = B315354C1F4D4DFA00C67A3F /* Assets.xcassets */; };
		B31535501F4D506000C67A3F /* TouchParticle.sks in Resources */ = {isa = PBXBuildFile; fileRef = B315354F1F4D506000C67A3F /* TouchParticle.sks */; };
		B31535521F4D5A2100C67A3F /* CicadaParticle.sks in Resources */ = {isa = PBXBuildFile; fileRef = B31535511F4D5A2100C67A3F /* CicadaParticle.sks */; };
		B31535541F4D5C6B00C67A3F /* TouchParticle2.sks in Resources */ = {isa = PBXBuildFile; fileRef = B31535531F4D5C6B00C67A3F /* TouchParticle2.sks */; };
		B3C366EB1F4D80B2001AF76D /* SKButton.swift in Sources */ = {isa = PBXBuildFile; fileRef = B3C366EA1F4D80B2001AF76D /* SKButton.swift */; };
/* End PBXBuildFile section */

/* Begin PBXFileReference section */
		B315352A1F4C657A00C67A3F /* MinMinBeat.app */ = {isa = PBXFileReference; explicitFileType = wrapper.application; includeInIndex = 0; path = MinMinBeat.app; sourceTree = BUILT_PRODUCTS_DIR; };
		B315352D1F4C657A00C67A3F /* AppDelegate.swift */ = {isa = PBXFileReference; lastKnownFileType = sourcecode.swift; path = AppDelegate.swift; sourceTree = "<group>"; };
		B31535331F4C657A00C67A3F /* GameScene.swift */ = {isa = PBXFileReference; lastKnownFileType = sourcecode.swift; path = GameScene.swift; sourceTree = "<group>"; };
		B31535351F4C657A00C67A3F /* GameViewController.swift */ = {isa = PBXFileReference; lastKnownFileType = sourcecode.swift; path = GameViewController.swift; sourceTree = "<group>"; };
		B31535381F4C657A00C67A3F /* Base */ = {isa = PBXFileReference; lastKnownFileType = file.storyboard; name = Base; path = Base.lproj/Main.storyboard; sourceTree = "<group>"; };
		B315353A1F4C657A00C67A3F /* Assets.xcassets */ = {isa = PBXFileReference; lastKnownFileType = folder.assetcatalog; path = Assets.xcassets; sourceTree = "<group>"; };
		B315353D1F4C657A00C67A3F /* Base */ = {isa = PBXFileReference; lastKnownFileType = file.storyboard; name = Base; path = Base.lproj/LaunchScreen.storyboard; sourceTree = "<group>"; };
		B315353F1F4C657A00C67A3F /* Info.plist */ = {isa = PBXFileReference; lastKnownFileType = text.plist.xml; path = Info.plist; sourceTree = "<group>"; };
		B31535471F4C65A100C67A3F /* CicadaBlock.swift */ = {isa = PBXFileReference; fileEncoding = 4; lastKnownFileType = sourcecode.swift; path = CicadaBlock.swift; sourceTree = "<group>"; };
		B315354C1F4D4DFA00C67A3F /* Assets.xcassets */ = {isa = PBXFileReference; lastKnownFileType = folder.assetcatalog; path = Assets.xcassets; sourceTree = "<group>"; };
		B315354F1F4D506000C67A3F /* TouchParticle.sks */ = {isa = PBXFileReference; lastKnownFileType = file.sks; path = TouchParticle.sks; sourceTree = "<group>"; };
		B31535511F4D5A2100C67A3F /* CicadaParticle.sks */ = {isa = PBXFileReference; lastKnownFileType = file.sks; path = CicadaParticle.sks; sourceTree = "<group>"; };
		B31535531F4D5C6B00C67A3F /* TouchParticle2.sks */ = {isa = PBXFileReference; lastKnownFileType = file.sks; path = TouchParticle2.sks; sourceTree = "<group>"; };
		B3C366EA1F4D80B2001AF76D /* SKButton.swift */ = {isa = PBXFileReference; fileEncoding = 4; lastKnownFileType = sourcecode.swift; path = SKButton.swift; sourceTree = "<group>"; };
/* End PBXFileReference section */

/* Begin PBXFrameworksBuildPhase section */
		B31535271F4C657A00C67A3F /* Frameworks */ = {
			isa = PBXFrameworksBuildPhase;
			buildActionMask = 2147483647;
			files = (
			);
			runOnlyForDeploymentPostprocessing = 0;
		};
/* End PBXFrameworksBuildPhase section */

/* Begin PBXGroup section */
		B31535211F4C657A00C67A3F = {
			isa = PBXGroup;
			children = (
				B315354C1F4D4DFA00C67A3F /* Assets.xcassets */,
				B315352C1F4C657A00C67A3F /* MinMinBeat */,
				B315352B1F4C657A00C67A3F /* Products */,
			);
			sourceTree = "<group>";
		};
		B315352B1F4C657A00C67A3F /* Products */ = {
			isa = PBXGroup;
			children = (
				B315352A1F4C657A00C67A3F /* MinMinBeat.app */,
			);
			name = Products;
			sourceTree = "<group>";
		};
		B315352C1F4C657A00C67A3F /* MinMinBeat */ = {
			isa = PBXGroup;
			children = (
				B315352D1F4C657A00C67A3F /* AppDelegate.swift */,
				B31535351F4C657A00C67A3F /* GameViewController.swift */,
				B31535331F4C657A00C67A3F /* GameScene.swift */,
				B31535471F4C65A100C67A3F /* CicadaBlock.swift */,
				B3C366EA1F4D80B2001AF76D /* SKButton.swift */,
				B3C366EC1F4D8130001AF76D /* Particles */,
				B31535371F4C657A00C67A3F /* Main.storyboard */,
				B315353A1F4C657A00C67A3F /* Assets.xcassets */,
				B315353C1F4C657A00C67A3F /* LaunchScreen.storyboard */,
				B315353F1F4C657A00C67A3F /* Info.plist */,
			);
			path = MinMinBeat;
			sourceTree = "<group>";
		};
		B3C366EC1F4D8130001AF76D /* Particles */ = {
			isa = PBXGroup;
			children = (
				B315354F1F4D506000C67A3F /* TouchParticle.sks */,
				B31535531F4D5C6B00C67A3F /* TouchParticle2.sks */,
				B31535511F4D5A2100C67A3F /* CicadaParticle.sks */,
			);
			name = Particles;
			sourceTree = "<group>";
		};
/* End PBXGroup section */

/* Begin PBXNativeTarget section */
		B31535291F4C657A00C67A3F /* MinMinBeat */ = {
			isa = PBXNativeTarget;
			buildConfigurationList = B31535421F4C657A00C67A3F /* Build configuration list for PBXNativeTarget "MinMinBeat" */;
			buildPhases = (
				B31535261F4C657A00C67A3F /* Sources */,
				B31535271F4C657A00C67A3F /* Frameworks */,
				B31535281F4C657A00C67A3F /* Resources */,
			);
			buildRules = (
			);
			dependencies = (
			);
			name = MinMinBeat;
			productName = MinMinBeat;
			productReference = B315352A1F4C657A00C67A3F /* MinMinBeat.app */;
			productType = "com.apple.product-type.application";
		};
/* End PBXNativeTarget section */

/* Begin PBXProject section */
		B31535221F4C657A00C67A3F /* Project object */ = {
			isa = PBXProject;
			attributes = {
				LastSwiftUpdateCheck = 0830;
				LastUpgradeCheck = 0830;
				ORGANIZATIONNAME = "山本隼也";
				TargetAttributes = {
					B31535291F4C657A00C67A3F = {
						CreatedOnToolsVersion = 8.3.3;
						DevelopmentTeam = 4KXP5PS394;
						ProvisioningStyle = Automatic;
					};
				};
			};
			buildConfigurationList = B31535251F4C657A00C67A3F /* Build configuration list for PBXProject "MinMinBeat" */;
			compatibilityVersion = "Xcode 3.2";
			developmentRegion = English;
			hasScannedForEncodings = 0;
			knownRegions = (
				en,
				Base,
			);
			mainGroup = B31535211F4C657A00C67A3F;
			productRefGroup = B315352B1F4C657A00C67A3F /* Products */;
			projectDirPath = "";
			projectRoot = "";
			targets = (
				B31535291F4C657A00C67A3F /* MinMinBeat */,
			);
		};
/* End PBXProject section */

/* Begin PBXResourcesBuildPhase section */
		B31535281F4C657A00C67A3F /* Resources */ = {
			isa = PBXResourcesBuildPhase;
			buildActionMask = 2147483647;
			files = (
				B31535391F4C657A00C67A3F /* Main.storyboard in Resources */,
				B31535521F4D5A2100C67A3F /* CicadaParticle.sks in Resources */,
				B315353B1F4C657A00C67A3F /* Assets.xcassets in Resources */,
				B315354E1F4D4DFA00C67A3F /* Assets.xcassets in Resources */,
				B315353E1F4C657A00C67A3F /* LaunchScreen.storyboard in Resources */,
				B31535501F4D506000C67A3F /* TouchParticle.sks in Resources */,
				B31535541F4D5C6B00C67A3F /* TouchParticle2.sks in Resources */,
			);
			runOnlyForDeploymentPostprocessing = 0;
		};
/* End PBXResourcesBuildPhase section */

/* Begin PBXSourcesBuildPhase section */
		B31535261F4C657A00C67A3F /* Sources */ = {
			isa = PBXSourcesBuildPhase;
			buildActionMask = 2147483647;
			files = (
				B3C366EB1F4D80B2001AF76D /* SKButton.swift in Sources */,
				B31535341F4C657A00C67A3F /* GameScene.swift in Sources */,
				B31535481F4C65A100C67A3F /* CicadaBlock.swift in Sources */,
				B31535361F4C657A00C67A3F /* GameViewController.swift in Sources */,
				B315352E1F4C657A00C67A3F /* AppDelegate.swift in Sources */,
			);
			runOnlyForDeploymentPostprocessing = 0;
		};
/* End PBXSourcesBuildPhase section */

/* Begin PBXVariantGroup section */
		B31535371F4C657A00C67A3F /* Main.storyboard */ = {
			isa = PBXVariantGroup;
			children = (
				B31535381F4C657A00C67A3F /* Base */,
			);
			name = Main.storyboard;
			sourceTree = "<group>";
		};
		B315353C1F4C657A00C67A3F /* LaunchScreen.storyboard */ = {
			isa = PBXVariantGroup;
			children = (
				B315353D1F4C657A00C67A3F /* Base */,
			);
			name = LaunchScreen.storyboard;
			sourceTree = "<group>";
		};
/* End PBXVariantGroup section */

/* Begin XCBuildConfiguration section */
		B31535401F4C657A00C67A3F /* Debug */ = {
			isa = XCBuildConfiguration;
			buildSettings = {
				ALWAYS_SEARCH_USER_PATHS = NO;
				CLANG_ANALYZER_NONNULL = YES;
				CLANG_ANALYZER_NUMBER_OBJECT_CONVERSION = YES_AGGRESSIVE;
				CLANG_CXX_LANGUAGE_STANDARD = "gnu++0x";
				CLANG_CXX_LIBRARY = "libc++";
				CLANG_ENABLE_MODULES = YES;
				CLANG_ENABLE_OBJC_ARC = YES;
				CLANG_WARN_BOOL_CONVERSION = YES;
				CLANG_WARN_CONSTANT_CONVERSION = YES;
				CLANG_WARN_DIRECT_OBJC_ISA_USAGE = YES_ERROR;
				CLANG_WARN_DOCUMENTATION_COMMENTS = YES;
				CLANG_WARN_EMPTY_BODY = YES;
				CLANG_WARN_ENUM_CONVERSION = YES;
				CLANG_WARN_INFINITE_RECURSION = YES;
				CLANG_WARN_INT_CONVERSION = YES;
				CLANG_WARN_OBJC_ROOT_CLASS = YES_ERROR;
				CLANG_WARN_SUSPICIOUS_MOVE = YES;
				CLANG_WARN_UNREACHABLE_CODE = YES;
				CLANG_WARN__DUPLICATE_METHOD_MATCH = YES;
				"CODE_SIGN_IDENTITY[sdk=iphoneos*]" = "iPhone Developer";
				COPY_PHASE_STRIP = NO;
				DEBUG_INFORMATION_FORMAT = dwarf;
				ENABLE_STRICT_OBJC_MSGSEND = YES;
				ENABLE_TESTABILITY = YES;
				GCC_C_LANGUAGE_STANDARD = gnu99;
				GCC_DYNAMIC_NO_PIC = NO;
				GCC_NO_COMMON_BLOCKS = YES;
				GCC_OPTIMIZATION_LEVEL = 0;
				GCC_PREPROCESSOR_DEFINITIONS = (
					"DEBUG=1",
					"$(inherited)",
				);
				GCC_WARN_64_TO_32_BIT_CONVERSION = YES;
				GCC_WARN_ABOUT_RETURN_TYPE = YES_ERROR;
				GCC_WARN_UNDECLARED_SELECTOR = YES;
				GCC_WARN_UNINITIALIZED_AUTOS = YES_AGGRESSIVE;
				GCC_WARN_UNUSED_FUNCTION = YES;
				GCC_WARN_UNUSED_VARIABLE = YES;
				IPHONEOS_DEPLOYMENT_TARGET = 10.3;
				MTL_ENABLE_DEBUG_INFO = YES;
				ONLY_ACTIVE_ARCH = YES;
				SDKROOT = iphoneos;
				SWIFT_ACTIVE_COMPILATION_CONDITIONS = DEBUG;
				SWIFT_OPTIMIZATION_LEVEL = "-Onone";
				TARGETED_DEVICE_FAMILY = "1,2";
			};
			name = Debug;
		};
		B31535411F4C657A00C67A3F /* Release */ = {
			isa = XCBuildConfiguration;
			buildSettings = {
				ALWAYS_SEARCH_USER_PATHS = NO;
				CLANG_ANALYZER_NONNULL = YES;
				CLANG_ANALYZER_NUMBER_OBJECT_CONVERSION = YES_AGGRESSIVE;
				CLANG_CXX_LANGUAGE_STANDARD = "gnu++0x";
				CLANG_CXX_LIBRARY = "libc++";
				CLANG_ENABLE_MODULES = YES;
				CLANG_ENABLE_OBJC_ARC = YES;
				CLANG_WARN_BOOL_CONVERSION = YES;
				CLANG_WARN_CONSTANT_CONVERSION = YES;
				CLANG_WARN_DIRECT_OBJC_ISA_USAGE = YES_ERROR;
				CLANG_WARN_DOCUMENTATION_COMMENTS = YES;
				CLANG_WARN_EMPTY_BODY = YES;
				CLANG_WARN_ENUM_CONVERSION = YES;
				CLANG_WARN_INFINITE_RECURSION = YES;
				CLANG_WARN_INT_CONVERSION = YES;
				CLANG_WARN_OBJC_ROOT_CLASS = YES_ERROR;
				CLANG_WARN_SUSPICIOUS_MOVE = YES;
				CLANG_WARN_UNREACHABLE_CODE = YES;
				CLANG_WARN__DUPLICATE_METHOD_MATCH = YES;
				"CODE_SIGN_IDENTITY[sdk=iphoneos*]" = "iPhone Developer";
				COPY_PHASE_STRIP = NO;
				DEBUG_INFORMATION_FORMAT = "dwarf-with-dsym";
				ENABLE_NS_ASSERTIONS = NO;
				ENABLE_STRICT_OBJC_MSGSEND = YES;
				GCC_C_LANGUAGE_STANDARD = gnu99;
				GCC_NO_COMMON_BLOCKS = YES;
				GCC_WARN_64_TO_32_BIT_CONVERSION = YES;
				GCC_WARN_ABOUT_RETURN_TYPE = YES_ERROR;
				GCC_WARN_UNDECLARED_SELECTOR = YES;
				GCC_WARN_UNINITIALIZED_AUTOS = YES_AGGRESSIVE;
				GCC_WARN_UNUSED_FUNCTION = YES;
				GCC_WARN_UNUSED_VARIABLE = YES;
				IPHONEOS_DEPLOYMENT_TARGET = 10.3;
				MTL_ENABLE_DEBUG_INFO = NO;
				SDKROOT = iphoneos;
				SWIFT_OPTIMIZATION_LEVEL = "-Owholemodule";
				TARGETED_DEVICE_FAMILY = "1,2";
				VALIDATE_PRODUCT = YES;
			};
			name = Release;
		};
		B31535431F4C657A00C67A3F /* Debug */ = {
			isa = XCBuildConfiguration;
			buildSettings = {
				ASSETCATALOG_COMPILER_APPICON_NAME = AppIcon;
				DEVELOPMENT_TEAM = 4KXP5PS394;
				INFOPLIST_FILE = MinMinBeat/Info.plist;
				LD_RUNPATH_SEARCH_PATHS = "$(inherited) @executable_path/Frameworks";
				PRODUCT_BUNDLE_IDENTIFIER = com.Yama.MinMinBeat;
				PRODUCT_NAME = "$(TARGET_NAME)";
				SWIFT_VERSION = 3.0;
			};
			name = Debug;
		};
		B31535441F4C657A00C67A3F /* Release */ = {
			isa = XCBuildConfiguration;
			buildSettings = {
				ASSETCATALOG_COMPILER_APPICON_NAME = AppIcon;
				DEVELOPMENT_TEAM = 4KXP5PS394;
				INFOPLIST_FILE = MinMinBeat/Info.plist;
				LD_RUNPATH_SEARCH_PATHS = "$(inherited) @executable_path/Frameworks";
				PRODUCT_BUNDLE_IDENTIFIER = com.Yama.MinMinBeat;
				PRODUCT_NAME = "$(TARGET_NAME)";
				SWIFT_VERSION = 3.0;
			};
			name = Release;
		};
/* End XCBuildConfiguration section */

/* Begin XCConfigurationList section */
		B31535251F4C657A00C67A3F /* Build configuration list for PBXProject "MinMinBeat" */ = {
			isa = XCConfigurationList;
			buildConfigurations = (
				B31535401F4C657A00C67A3F /* Debug */,
				B31535411F4C657A00C67A3F /* Release */,
			);
			defaultConfigurationIsVisible = 0;
			defaultConfigurationName = Release;
		};
		B31535421F4C657A00C67A3F /* Build configuration list for PBXNativeTarget "MinMinBeat" */ = {
			isa = XCConfigurationList;
			buildConfigurations = (
				B31535431F4C657A00C67A3F /* Debug */,
				B31535441F4C657A00C67A3F /* Release */,
			);
			defaultConfigurationIsVisible = 0;
			defaultConfigurationName = Release;
		};
/* End XCConfigurationList section */
	};
	rootObject = B31535221F4C657A00C67A3F /* Project object */;
}
